
Microsoft Visual Studio Solution File, Format Version 12.00
# Visual Studio Version 17
VisualStudioVersion = 17.10.35027.167
MinimumVisualStudioVersion = 10.0.40219.1
Project("{FAE04EC0-301F-11D3-BF4B-00C04F79EFBC}") = "Assignment2_Hami", "Assignment2_Hami\Assignment2_Hami.csproj", "{D2DD62D5-C208-43FB-8F2E-BEFE0F0E92EF}"
EndProject
Global
	GlobalSection(SolutionConfigurationPlatforms) = preSolution
		Debug|Any CPU = Debug|Any CPU
		Release|Any CPU = Release|Any CPU
	EndGlobalSection
	GlobalSection(ProjectConfigurationPlatforms) = postSolution
		{D2DD62D5-C208-43FB-8F2E-BEFE0F0E92EF}.Debug|Any CPU.ActiveCfg = Debug|Any CPU
		{D2DD62D5-C208-43FB-8F2E-BEFE0F0E92EF}.Debug|Any CPU.Build.0 = Debug|Any CPU
		{D2DD62D5-C208-43FB-8F2E-BEFE0F0E92EF}.Release|Any CPU.ActiveCfg = Release|Any CPU
		{D2DD62D5-C208-43FB-8F2E-BEFE0F0E92EF}.Release|Any CPU.Build.0 = Release|Any CPU
	EndGlobalSection
	GlobalSection(SolutionProperties) = preSolution
		HideSolutionNode = FALSE
	EndGlobalSection
	GlobalSection(ExtensibilityGlobals) = postSolution
		SolutionGuid = {63A0A7A4-F9CD-4696-B725-FB6BA2502019}
	EndGlobalSection
EndGlobal
